
Microsoft Visual Studio Solution File, Format Version 12.00
# Visual Studio Version 17
VisualStudioVersion = 17.5.33627.172
MinimumVisualStudioVersion = 10.0.40219.1
Project("{FAE04EC0-301F-11D3-BF4B-00C04F79EFBC}") = "RainmeterSkinInstaller", "RainmeterSkinInstaller.csproj", "{D79975B3-9CD6-447D-8685-F9B92C33E471}"
EndProject
Global
	GlobalSection(SolutionConfigurationPlatforms) = preSolution
		Debug|Any CPU = Debug|Any CPU
		Debug|x64 = Debug|x64
		Release|Any CPU = Release|Any CPU
		Release|x64 = Release|x64
	EndGlobalSection
	GlobalSection(ProjectConfigurationPlatforms) = postSolution
		{D79975B3-9CD6-447D-8685-F9B92C33E471}.Debug|Any CPU.ActiveCfg = Debug|Any CPU
		{D79975B3-9CD6-447D-8685-F9B92C33E471}.Debug|Any CPU.Build.0 = Debug|Any CPU
		{D79975B3-9CD6-447D-8685-F9B92C33E471}.Debug|x64.ActiveCfg = Debug|x64
		{D79975B3-9CD6-447D-8685-F9B92C33E471}.Debug|x64.Build.0 = Debug|x64
		{D79975B3-9CD6-447D-8685-F9B92C33E471}.Release|Any CPU.ActiveCfg = Release|Any CPU
		{D79975B3-9CD6-447D-8685-F9B92C33E471}.Release|Any CPU.Build.0 = Release|Any CPU
		{D79975B3-9CD6-447D-8685-F9B92C33E471}.Release|x64.ActiveCfg = Release|x64
		{D79975B3-9CD6-447D-8685-F9B92C33E471}.Release|x64.Build.0 = Release|x64
	EndGlobalSection
	GlobalSection(SolutionProperties) = preSolution
		HideSolutionNode = FALSE
	EndGlobalSection
	GlobalSection(ExtensibilityGlobals) = postSolution
		SolutionGuid = {B1E05409-5090-4495-B41B-2098D407A2C1}
	EndGlobalSection
EndGlobal
